
Microsoft Visual Studio Solution File, Format Version 12.00
# Visual Studio Version 16
VisualStudioVersion = 16.0.31129.286
MinimumVisualStudioVersion = 10.0.40219.1
Project("{FAE04EC0-301F-11D3-BF4B-00C04F79EFBC}") = "ConfigUtility", "ConfigUtility\ConfigUtility.csproj", "{BADD9994-41F3-4B11-B831-72DA2142AFF2}"
EndProject
Global
	GlobalSection(SolutionConfigurationPlatforms) = preSolution
		Debug|Any CPU = Debug|Any CPU
		Release|Any CPU = Release|Any CPU
	EndGlobalSection
	GlobalSection(ProjectConfigurationPlatforms) = postSolution
		{BADD9994-41F3-4B11-B831-72DA2142AFF2}.Debug|Any CPU.ActiveCfg = Debug|Any CPU
		{BADD9994-41F3-4B11-B831-72DA2142AFF2}.Debug|Any CPU.Build.0 = Debug|Any CPU
		{BADD9994-41F3-4B11-B831-72DA2142AFF2}.Release|Any CPU.ActiveCfg = Release|Any CPU
		{BADD9994-41F3-4B11-B831-72DA2142AFF2}.Release|Any CPU.Build.0 = Release|Any CPU
	EndGlobalSection
	GlobalSection(SolutionProperties) = preSolution
		HideSolutionNode = FALSE
	EndGlobalSection
	GlobalSection(ExtensibilityGlobals) = postSolution
		SolutionGuid = {08AFEC48-08D2-4032-AB82-23B366E7FA27}
	EndGlobalSection
EndGlobal
